// !$*UTF8*$!
{
	archiveVersion = 1;
	classes = {
	};
	objectVersion = 46;
	objects = {

/* Begin PBXBuildFile section */
		A619563F15882FEA00F745B4 /* UIKit.framework in Frameworks */ = {isa = PBXBuildFile; fileRef = A619563E15882FEA00F745B4 /* UIKit.framework */; };
		A619564115882FEA00F745B4 /* Foundation.framework in Frameworks */ = {isa = PBXBuildFile; fileRef = A619564015882FEA00F745B4 /* Foundation.framework */; };
		A619564315882FEA00F745B4 /* CoreGraphics.framework in Frameworks */ = {isa = PBXBuildFile; fileRef = A619564215882FEA00F745B4 /* CoreGraphics.framework */; };
		A619564915882FEA00F745B4 /* InfoPlist.strings in Resources */ = {isa = PBXBuildFile; fileRef = A619564715882FEA00F745B4 /* InfoPlist.strings */; };
		A619564B15882FEA00F745B4 /* main.m in Sources */ = {isa = PBXBuildFile; fileRef = A619564A15882FEA00F745B4 /* main.m */; };
		A619564F15882FEA00F745B4 /* ProjectAppDelegate.m in Sources */ = {isa = PBXBuildFile; fileRef = A619564E15882FEA00F745B4 /* ProjectAppDelegate.m */; };
		A68B2927158CEB4200B8061A /* View.m in Sources */ = {isa = PBXBuildFile; fileRef = A68B2926158CEB4200B8061A /* View.m */; };
		A68B292F158D233900B8061A /* StockView.m in Sources */ = {isa = PBXBuildFile; fileRef = A68B292E158D233900B8061A /* StockView.m */; };
/* End PBXBuildFile section */

/* Begin PBXFileReference section */
		A619563A15882FEA00F745B4 /* Jun14.app */ = {isa = PBXFileReference; explicitFileType = wrapper.application; includeInIndex = 0; path = Jun14.app; sourceTree = BUILT_PRODUCTS_DIR; };
		A619563E15882FEA00F745B4 /* UIKit.framework */ = {isa = PBXFileReference; lastKnownFileType = wrapper.framework; name = UIKit.framework; path = System/Library/Frameworks/UIKit.framework; sourceTree = SDKROOT; };
		A619564015882FEA00F745B4 /* Foundation.framework */ = {isa = PBXFileReference; lastKnownFileType = wrapper.framework; name = Foundation.framework; path = System/Library/Frameworks/Foundation.framework; sourceTree = SDKROOT; };
		A619564215882FEA00F745B4 /* CoreGraphics.framework */ = {isa = PBXFileReference; lastKnownFileType = wrapper.framework; name = CoreGraphics.framework; path = System/Library/Frameworks/CoreGraphics.framework; sourceTree = SDKROOT; };
		A619564615882FEA00F745B4 /* Jun14-Info.plist */ = {isa = PBXFileReference; lastKnownFileType = text.plist.xml; path = "Jun14-Info.plist"; sourceTree = "<group>"; };
		A619564815882FEA00F745B4 /* en */ = {isa = PBXFileReference; lastKnownFileType = text.plist.strings; name = en; path = en.lproj/InfoPlist.strings; sourceTree = "<group>"; };
		A619564A15882FEA00F745B4 /* main.m */ = {isa = PBXFileReference; lastKnownFileType = sourcecode.c.objc; path = main.m; sourceTree = "<group>"; };
		A619564C15882FEA00F745B4 /* Jun14-Prefix.pch */ = {isa = PBXFileReference; lastKnownFileType = sourcecode.c.h; path = "Jun14-Prefix.pch"; sourceTree = "<group>"; };
		A619564D15882FEA00F745B4 /* ProjectAppDelegate.h */ = {isa = PBXFileReference; lastKnownFileType = sourcecode.c.h; path = ProjectAppDelegate.h; sourceTree = "<group>"; };
		A619564E15882FEA00F745B4 /* ProjectAppDelegate.m */ = {isa = PBXFileReference; lastKnownFileType = sourcecode.c.objc; path = ProjectAppDelegate.m; sourceTree = "<group>"; };
		A68B2925158CEB4200B8061A /* View.h */ = {isa = PBXFileReference; fileEncoding = 4; lastKnownFileType = sourcecode.c.h; path = View.h; sourceTree = "<group>"; };
		A68B2926158CEB4200B8061A /* View.m */ = {isa = PBXFileReference; fileEncoding = 4; lastKnownFileType = sourcecode.c.objc; path = View.m; sourceTree = "<group>"; };
		A68B292D158D233900B8061A /* StockView.h */ = {isa = PBXFileReference; fileEncoding = 4; lastKnownFileType = sourcecode.c.h; path = StockView.h; sourceTree = "<group>"; };
		A68B292E158D233900B8061A /* StockView.m */ = {isa = PBXFileReference; fileEncoding = 4; lastKnownFileType = sourcecode.c.objc; path = StockView.m; sourceTree = "<group>"; };
/* End PBXFileReference section */

/* Begin PBXFrameworksBuildPhase section */
		A619563715882FEA00F745B4 /* Frameworks */ = {
			isa = PBXFrameworksBuildPhase;
			buildActionMask = 2147483647;
			files = (
				A619563F15882FEA00F745B4 /* UIKit.framework in Frameworks */,
				A619564115882FEA00F745B4 /* Foundation.framework in Frameworks */,
				A619564315882FEA00F745B4 /* CoreGraphics.framework in Frameworks */,
			);
			runOnlyForDeploymentPostprocessing = 0;
		};
/* End PBXFrameworksBuildPhase section */

/* Begin PBXGroup section */
		A619562F15882FEA00F745B4 = {
			isa = PBXGroup;
			children = (
				A619564415882FEA00F745B4 /* Jun14 */,
				A619563D15882FEA00F745B4 /* Frameworks */,
				A619563B15882FEA00F745B4 /* Products */,
			);
			sourceTree = "<group>";
		};
		A619563B15882FEA00F745B4 /* Products */ = {
			isa = PBXGroup;
			children = (
				A619563A15882FEA00F745B4 /* Jun14.app */,
			);
			name = Products;
			sourceTree = "<group>";
		};
		A619563D15882FEA00F745B4 /* Frameworks */ = {
			isa = PBXGroup;
			children = (
				A619563E15882FEA00F745B4 /* UIKit.framework */,
				A619564015882FEA00F745B4 /* Foundation.framework */,
				A619564215882FEA00F745B4 /* CoreGraphics.framework */,
			);
			name = Frameworks;
			sourceTree = "<group>";
		};
		A619564415882FEA00F745B4 /* Jun14 */ = {
			isa = PBXGroup;
			children = (
				A68B2926158CEB4200B8061A /* View.m */,
				A68B2925158CEB4200B8061A /* View.h */,
				A68B292D158D233900B8061A /* StockView.h */,
				A68B292E158D233900B8061A /* StockView.m */,
				A619564D15882FEA00F745B4 /* ProjectAppDelegate.h */,
				A619564E15882FEA00F745B4 /* ProjectAppDelegate.m */,
				A619564515882FEA00F745B4 /* Supporting Files */,
			);
			path = Jun14;
			sourceTree = "<group>";
		};
		A619564515882FEA00F745B4 /* Supporting Files */ = {
			isa = PBXGroup;
			children = (
				A619564615882FEA00F745B4 /* Jun14-Info.plist */,
				A619564715882FEA00F745B4 /* InfoPlist.strings */,
				A619564A15882FEA00F745B4 /* main.m */,
				A619564C15882FEA00F745B4 /* Jun14-Prefix.pch */,
			);
			name = "Supporting Files";
			sourceTree = "<group>";
		};
/* End PBXGroup section */

/* Begin PBXNativeTarget section */
		A619563915882FEA00F745B4 /* Jun14 */ = {
			isa = PBXNativeTarget;
			buildConfigurationList = A619565215882FEA00F745B4 /* Build configuration list for PBXNativeTarget "Jun14" */;
			buildPhases = (
				A619563615882FEA00F745B4 /* Sources */,
				A619563715882FEA00F745B4 /* Frameworks */,
				A619563815882FEA00F745B4 /* Resources */,
			);
			buildRules = (
			);
			dependencies = (
			);
			name = Jun14;
			productName = Jun14;
			productReference = A619563A15882FEA00F745B4 /* Jun14.app */;
			productType = "com.apple.product-type.application";
		};
/* End PBXNativeTarget section */

/* Begin PBXProject section */
		A619563115882FEA00F745B4 /* Project object */ = {
			isa = PBXProject;
			attributes = {
				CLASSPREFIX = Project;
				LastUpgradeCheck = 0430;
				ORGANIZATIONNAME = CUNY;
			};
			buildConfigurationList = A619563415882FEA00F745B4 /* Build configuration list for PBXProject "Jun14" */;
			compatibilityVersion = "Xcode 3.2";
			developmentRegion = English;
			hasScannedForEncodings = 0;
			knownRegions = (
				en,
			);
			mainGroup = A619562F15882FEA00F745B4;
			productRefGroup = A619563B15882FEA00F745B4 /* Products */;
			projectDirPath = "";
			projectRoot = "";
			targets = (
				A619563915882FEA00F745B4 /* Jun14 */,
			);
		};
/* End PBXProject section */

/* Begin PBXResourcesBuildPhase section */
		A619563815882FEA00F745B4 /* Resources */ = {
			isa = PBXResourcesBuildPhase;
			buildActionMask = 2147483647;
			files = (
				A619564915882FEA00F745B4 /* InfoPlist.strings in Resources */,
			);
			runOnlyForDeploymentPostprocessing = 0;
		};
/* End PBXResourcesBuildPhase section */

/* Begin PBXSourcesBuildPhase section */
		A619563615882FEA00F745B4 /* Sources */ = {
			isa = PBXSourcesBuildPhase;
			buildActionMask = 2147483647;
			files = (
				A619564B15882FEA00F745B4 /* main.m in Sources */,
				A619564F15882FEA00F745B4 /* ProjectAppDelegate.m in Sources */,
				A68B2927158CEB4200B8061A /* View.m in Sources */,
				A68B292F158D233900B8061A /* StockView.m in Sources */,
			);
			runOnlyForDeploymentPostprocessing = 0;
		};
/* End PBXSourcesBuildPhase section */

/* Begin PBXVariantGroup section */
		A619564715882FEA00F745B4 /* InfoPlist.strings */ = {
			isa = PBXVariantGroup;
			children = (
				A619564815882FEA00F745B4 /* en */,
			);
			name = InfoPlist.strings;
			sourceTree = "<group>";
		};
/* End PBXVariantGroup section */

/* Begin XCBuildConfiguration section */
		A619565015882FEA00F745B4 /* Debug */ = {
			isa = XCBuildConfiguration;
			buildSettings = {
				ALWAYS_SEARCH_USER_PATHS = NO;
				ARCHS = "$(ARCHS_STANDARD_32_BIT)";
				CLANG_ENABLE_OBJC_ARC = YES;
				"CODE_SIGN_IDENTITY[sdk=iphoneos*]" = "iPhone Developer";
				COPY_PHASE_STRIP = NO;
				GCC_C_LANGUAGE_STANDARD = gnu99;
				GCC_DYNAMIC_NO_PIC = NO;
				GCC_OPTIMIZATION_LEVEL = 0;
				GCC_PREPROCESSOR_DEFINITIONS = (
					"DEBUG=1",
					"$(inherited)",
				);
				GCC_SYMBOLS_PRIVATE_EXTERN = NO;
				GCC_VERSION = com.apple.compilers.llvm.clang.1_0;
				GCC_WARN_ABOUT_RETURN_TYPE = YES;
				GCC_WARN_UNINITIALIZED_AUTOS = YES;
				GCC_WARN_UNUSED_VARIABLE = YES;
				IPHONEOS_DEPLOYMENT_TARGET = 5.1;
				SDKROOT = iphoneos;
			};
			name = Debug;
		};
		A619565115882FEA00F745B4 /* Release */ = {
			isa = XCBuildConfiguration;
			buildSettings = {
				ALWAYS_SEARCH_USER_PATHS = NO;
				ARCHS = "$(ARCHS_STANDARD_32_BIT)";
				CLANG_ENABLE_OBJC_ARC = YES;
				"CODE_SIGN_IDENTITY[sdk=iphoneos*]" = "iPhone Developer";
				COPY_PHASE_STRIP = YES;
				GCC_C_LANGUAGE_STANDARD = gnu99;
				GCC_VERSION = com.apple.compilers.llvm.clang.1_0;
				GCC_WARN_ABOUT_RETURN_TYPE = YES;
				GCC_WARN_UNINITIALIZED_AUTOS = YES;
				GCC_WARN_UNUSED_VARIABLE = YES;
				IPHONEOS_DEPLOYMENT_TARGET = 5.1;
				OTHER_CFLAGS = "-DNS_BLOCK_ASSERTIONS=1";
				SDKROOT = iphoneos;
				VALIDATE_PRODUCT = YES;
			};
			name = Release;
		};
		A619565315882FEA00F745B4 /* Debug */ = {
			isa = XCBuildConfiguration;
			buildSettings = {
				GCC_PRECOMPILE_PREFIX_HEADER = YES;
				GCC_PREFIX_HEADER = "Jun14/Jun14-Prefix.pch";
				INFOPLIST_FILE = "Jun14/Jun14-Info.plist";
				PRODUCT_NAME = "$(TARGET_NAME)";
				WRAPPER_EXTENSION = app;
			};
			name = Debug;
		};
		A619565415882FEA00F745B4 /* Release */ = {
			isa = XCBuildConfiguration;
			buildSettings = {
				GCC_PRECOMPILE_PREFIX_HEADER = YES;
				GCC_PREFIX_HEADER = "Jun14/Jun14-Prefix.pch";
				INFOPLIST_FILE = "Jun14/Jun14-Info.plist";
				PRODUCT_NAME = "$(TARGET_NAME)";
				WRAPPER_EXTENSION = app;
			};
			name = Release;
		};
/* End XCBuildConfiguration section */

/* Begin XCConfigurationList section */
		A619563415882FEA00F745B4 /* Build configuration list for PBXProject "Jun14" */ = {
			isa = XCConfigurationList;
			buildConfigurations = (
				A619565015882FEA00F745B4 /* Debug */,
				A619565115882FEA00F745B4 /* Release */,
			);
			defaultConfigurationIsVisible = 0;
			defaultConfigurationName = Release;
		};
		A619565215882FEA00F745B4 /* Build configuration list for PBXNativeTarget "Jun14" */ = {
			isa = XCConfigurationList;
			buildConfigurations = (
				A619565315882FEA00F745B4 /* Debug */,
				A619565415882FEA00F745B4 /* Release */,
			);
			defaultConfigurationIsVisible = 0;
			defaultConfigurationName = Release;
		};
/* End XCConfigurationList section */
	};
	rootObject = A619563115882FEA00F745B4 /* Project object */;
}
